
Microsoft Visual Studio Solution File, Format Version 12.00
# Visual Studio 14
VisualStudioVersion = 14.0.25420.1
MinimumVisualStudioVersion = 10.0.40219.1
Project("{FAE04EC0-301F-11D3-BF4B-00C04F79EFBC}") = "LunchScheduler.App", "app\LunchScheduler.App.csproj", "{B64B4A95-A3D5-499D-81C1-B3D024AC21BC}"
EndProject
Project("{FAE04EC0-301F-11D3-BF4B-00C04F79EFBC}") = "LunchScheduler.Models", "models\LunchScheduler.Models.csproj", "{633B2B38-C19D-4C17-BA1B-22D549625F0F}"
EndProject
Project("{FAE04EC0-301F-11D3-BF4B-00C04F79EFBC}") = "LunchScheduler.Site", "site\LunchScheduler.Site.csproj", "{9994333A-C9EB-43A9-B3D1-7E40B75651C0}"
EndProject
Project("{2150E333-8FDC-42A3-9474-1A3956D46DE8}") = "Solution Items", "Solution Items", "{49ECA34E-3820-44F9-9906-9E13E03F080B}"
	ProjectSection(SolutionItems) = preProject
		CONTRIBUTING.md = CONTRIBUTING.md
		LICENSE = LICENSE
		README.md = README.md
		ThirdPartyNotices.txt = ThirdPartyNotices.txt
	EndProjectSection
EndProject
Project("{2150E333-8FDC-42A3-9474-1A3956D46DE8}") = "Screenshots", "Screenshots", "{61F10E94-77D5-4DDA-904A-6BFFB64A68D5}"
	ProjectSection(SolutionItems) = preProject
		screenshot1.png = screenshot1.png
		screenshot2.png = screenshot2.png
		screenshot3.png = screenshot3.png
		screenshot4.png = screenshot4.png
	EndProjectSection
EndProject
Global
	GlobalSection(SolutionConfigurationPlatforms) = preSolution
		Debug|Any CPU = Debug|Any CPU
		Debug|ARM = Debug|ARM
		Debug|x64 = Debug|x64
		Debug|x86 = Debug|x86
		Release|Any CPU = Release|Any CPU
		Release|ARM = Release|ARM
		Release|x64 = Release|x64
		Release|x86 = Release|x86
	EndGlobalSection
	GlobalSection(ProjectConfigurationPlatforms) = postSolution
		{B64B4A95-A3D5-499D-81C1-B3D024AC21BC}.Debug|Any CPU.ActiveCfg = Debug|x86
		{B64B4A95-A3D5-499D-81C1-B3D024AC21BC}.Debug|Any CPU.Build.0 = Debug|x86
		{B64B4A95-A3D5-499D-81C1-B3D024AC21BC}.Debug|Any CPU.Deploy.0 = Debug|x86
		{B64B4A95-A3D5-499D-81C1-B3D024AC21BC}.Debug|ARM.ActiveCfg = Debug|ARM
		{B64B4A95-A3D5-499D-81C1-B3D024AC21BC}.Debug|ARM.Build.0 = Debug|ARM
		{B64B4A95-A3D5-499D-81C1-B3D024AC21BC}.Debug|ARM.Deploy.0 = Debug|ARM
		{B64B4A95-A3D5-499D-81C1-B3D024AC21BC}.Debug|x64.ActiveCfg = Debug|x64
		{B64B4A95-A3D5-499D-81C1-B3D024AC21BC}.Debug|x64.Build.0 = Debug|x64
		{B64B4A95-A3D5-499D-81C1-B3D024AC21BC}.Debug|x64.Deploy.0 = Debug|x64
		{B64B4A95-A3D5-499D-81C1-B3D024AC21BC}.Debug|x86.ActiveCfg = Debug|x86
		{B64B4A95-A3D5-499D-81C1-B3D024AC21BC}.Debug|x86.Build.0 = Debug|x86
		{B64B4A95-A3D5-499D-81C1-B3D024AC21BC}.Debug|x86.Deploy.0 = Debug|x86
		{B64B4A95-A3D5-499D-81C1-B3D024AC21BC}.Release|Any CPU.ActiveCfg = Release|x86
		{B64B4A95-A3D5-499D-81C1-B3D024AC21BC}.Release|ARM.ActiveCfg = Release|ARM
		{B64B4A95-A3D5-499D-81C1-B3D024AC21BC}.Release|ARM.Build.0 = Release|ARM
		{B64B4A95-A3D5-499D-81C1-B3D024AC21BC}.Release|ARM.Deploy.0 = Release|ARM
		{B64B4A95-A3D5-499D-81C1-B3D024AC21BC}.Release|x64.ActiveCfg = Release|x64
		{B64B4A95-A3D5-499D-81C1-B3D024AC21BC}.Release|x64.Build.0 = Release|x64
		{B64B4A95-A3D5-499D-81C1-B3D024AC21BC}.Release|x64.Deploy.0 = Release|x64
		{B64B4A95-A3D5-499D-81C1-B3D024AC21BC}.Release|x86.ActiveCfg = Release|x86
		{B64B4A95-A3D5-499D-81C1-B3D024AC21BC}.Release|x86.Build.0 = Release|x86
		{B64B4A95-A3D5-499D-81C1-B3D024AC21BC}.Release|x86.Deploy.0 = Release|x86
		{633B2B38-C19D-4C17-BA1B-22D549625F0F}.Debug|Any CPU.ActiveCfg = Debug|Any CPU
		{633B2B38-C19D-4C17-BA1B-22D549625F0F}.Debug|Any CPU.Build.0 = Debug|Any CPU
		{633B2B38-C19D-4C17-BA1B-22D549625F0F}.Debug|ARM.ActiveCfg = Debug|Any CPU
		{633B2B38-C19D-4C17-BA1B-22D549625F0F}.Debug|ARM.Build.0 = Debug|Any CPU
		{633B2B38-C19D-4C17-BA1B-22D549625F0F}.Debug|x64.ActiveCfg = Debug|Any CPU
		{633B2B38-C19D-4C17-BA1B-22D549625F0F}.Debug|x64.Build.0 = Debug|Any CPU
		{633B2B38-C19D-4C17-BA1B-22D549625F0F}.Debug|x86.ActiveCfg = Debug|Any CPU
		{633B2B38-C19D-4C17-BA1B-22D549625F0F}.Debug|x86.Build.0 = Debug|Any CPU
		{633B2B38-C19D-4C17-BA1B-22D549625F0F}.Release|Any CPU.ActiveCfg = Release|Any CPU
		{633B2B38-C19D-4C17-BA1B-22D549625F0F}.Release|Any CPU.Build.0 = Release|Any CPU
		{633B2B38-C19D-4C17-BA1B-22D549625F0F}.Release|ARM.ActiveCfg = Release|Any CPU
		{633B2B38-C19D-4C17-BA1B-22D549625F0F}.Release|ARM.Build.0 = Release|Any CPU
		{633B2B38-C19D-4C17-BA1B-22D549625F0F}.Release|x64.ActiveCfg = Release|Any CPU
		{633B2B38-C19D-4C17-BA1B-22D549625F0F}.Release|x64.Build.0 = Release|Any CPU
		{633B2B38-C19D-4C17-BA1B-22D549625F0F}.Release|x86.ActiveCfg = Release|Any CPU
		{633B2B38-C19D-4C17-BA1B-22D549625F0F}.Release|x86.Build.0 = Release|Any CPU
		{9994333A-C9EB-43A9-B3D1-7E40B75651C0}.Debug|Any CPU.ActiveCfg = Debug|Any CPU
		{9994333A-C9EB-43A9-B3D1-7E40B75651C0}.Debug|Any CPU.Build.0 = Debug|Any CPU
		{9994333A-C9EB-43A9-B3D1-7E40B75651C0}.Debug|ARM.ActiveCfg = Debug|Any CPU
		{9994333A-C9EB-43A9-B3D1-7E40B75651C0}.Debug|ARM.Build.0 = Debug|Any CPU
		{9994333A-C9EB-43A9-B3D1-7E40B75651C0}.Debug|x64.ActiveCfg = Debug|Any CPU
		{9994333A-C9EB-43A9-B3D1-7E40B75651C0}.Debug|x64.Build.0 = Debug|Any CPU
		{9994333A-C9EB-43A9-B3D1-7E40B75651C0}.Debug|x86.ActiveCfg = Debug|Any CPU
		{9994333A-C9EB-43A9-B3D1-7E40B75651C0}.Debug|x86.Build.0 = Debug|Any CPU
		{9994333A-C9EB-43A9-B3D1-7E40B75651C0}.Release|Any CPU.ActiveCfg = Release|Any CPU
		{9994333A-C9EB-43A9-B3D1-7E40B75651C0}.Release|Any CPU.Build.0 = Release|Any CPU
		{9994333A-C9EB-43A9-B3D1-7E40B75651C0}.Release|ARM.ActiveCfg = Release|Any CPU
		{9994333A-C9EB-43A9-B3D1-7E40B75651C0}.Release|ARM.Build.0 = Release|Any CPU
		{9994333A-C9EB-43A9-B3D1-7E40B75651C0}.Release|x64.ActiveCfg = Release|Any CPU
		{9994333A-C9EB-43A9-B3D1-7E40B75651C0}.Release|x64.Build.0 = Release|Any CPU
		{9994333A-C9EB-43A9-B3D1-7E40B75651C0}.Release|x86.ActiveCfg = Release|Any CPU
		{9994333A-C9EB-43A9-B3D1-7E40B75651C0}.Release|x86.Build.0 = Release|Any CPU
	EndGlobalSection
	GlobalSection(SolutionProperties) = preSolution
		HideSolutionNode = FALSE
	EndGlobalSection
	GlobalSection(NestedProjects) = preSolution
		{61F10E94-77D5-4DDA-904A-6BFFB64A68D5} = {49ECA34E-3820-44F9-9906-9E13E03F080B}
	EndGlobalSection
EndGlobal
