
Microsoft Visual Studio Solution File, Format Version 12.00
# Visual Studio 15
VisualStudioVersion = 15.0.27004.2002
MinimumVisualStudioVersion = 10.0.40219.1
Project("{FAE04EC0-301F-11D3-BF4B-00C04F79EFBC}") = "LunchScheduler", "LunchScheduler\LunchScheduler.csproj", "{B64B4A95-A3D5-499D-81C1-B3D024AC21BC}"
EndProject
Project("{9A19103F-16F7-4668-BE54-9A1E7A4F7556}") = "LunchScheduler.Api", "LunchScheduler.Api\LunchScheduler.Api.csproj", "{C15E97AC-6559-4A4F-9104-46835385719E}"
EndProject
Project("{9A19103F-16F7-4668-BE54-9A1E7A4F7556}") = "LunchScheduler.Models", "LunchScheduler.Models\LunchScheduler.Models.csproj", "{D8F930F1-F257-418B-8B67-173A649CD06D}"
EndProject
Project("{9A19103F-16F7-4668-BE54-9A1E7A4F7556}") = "LunchScheduler.Repository", "LunchScheduler.Repository\LunchScheduler.Repository.csproj", "{80085F5A-1B80-4F06-827C-C86049DF7C3F}"
EndProject
Project("{2150E333-8FDC-42A3-9474-1A3956D46DE8}") = "Solution Items", "Solution Items", "{82221101-64B8-4254-941C-1D7B565AFC8E}"
	ProjectSection(SolutionItems) = preProject
		Contributing.md = Contributing.md
		LICENSE = LICENSE
		README.md = README.md
		ThirdPartyNotices.txt = ThirdPartyNotices.txt
	EndProjectSection
EndProject
Global
	GlobalSection(SolutionConfigurationPlatforms) = preSolution
		Debug|Any CPU = Debug|Any CPU
		Debug|ARM = Debug|ARM
		Debug|x64 = Debug|x64
		Debug|x86 = Debug|x86
		Release|Any CPU = Release|Any CPU
		Release|ARM = Release|ARM
		Release|x64 = Release|x64
		Release|x86 = Release|x86
	EndGlobalSection
	GlobalSection(ProjectConfigurationPlatforms) = postSolution
		{C15E97AC-6559-4A4F-9104-46835385719E}.Debug|Any CPU.ActiveCfg = Debug|Any CPU
		{C15E97AC-6559-4A4F-9104-46835385719E}.Debug|Any CPU.Build.0 = Debug|Any CPU
		{C15E97AC-6559-4A4F-9104-46835385719E}.Debug|ARM.ActiveCfg = Debug|Any CPU
		{C15E97AC-6559-4A4F-9104-46835385719E}.Debug|ARM.Build.0 = Debug|Any CPU
		{C15E97AC-6559-4A4F-9104-46835385719E}.Debug|x64.ActiveCfg = Debug|Any CPU
		{C15E97AC-6559-4A4F-9104-46835385719E}.Debug|x64.Build.0 = Debug|Any CPU
		{C15E97AC-6559-4A4F-9104-46835385719E}.Debug|x86.ActiveCfg = Debug|Any CPU
		{C15E97AC-6559-4A4F-9104-46835385719E}.Debug|x86.Build.0 = Debug|Any CPU
		{C15E97AC-6559-4A4F-9104-46835385719E}.Release|Any CPU.ActiveCfg = Release|Any CPU
		{C15E97AC-6559-4A4F-9104-46835385719E}.Release|Any CPU.Build.0 = Release|Any CPU
		{C15E97AC-6559-4A4F-9104-46835385719E}.Release|ARM.ActiveCfg = Release|Any CPU
		{C15E97AC-6559-4A4F-9104-46835385719E}.Release|ARM.Build.0 = Release|Any CPU
		{C15E97AC-6559-4A4F-9104-46835385719E}.Release|x64.ActiveCfg = Release|Any CPU
		{C15E97AC-6559-4A4F-9104-46835385719E}.Release|x64.Build.0 = Release|Any CPU
		{C15E97AC-6559-4A4F-9104-46835385719E}.Release|x86.ActiveCfg = Release|Any CPU
		{C15E97AC-6559-4A4F-9104-46835385719E}.Release|x86.Build.0 = Release|Any CPU
		{D8F930F1-F257-418B-8B67-173A649CD06D}.Debug|Any CPU.ActiveCfg = Debug|Any CPU
		{D8F930F1-F257-418B-8B67-173A649CD06D}.Debug|Any CPU.Build.0 = Debug|Any CPU
		{D8F930F1-F257-418B-8B67-173A649CD06D}.Debug|ARM.ActiveCfg = Debug|Any CPU
		{D8F930F1-F257-418B-8B67-173A649CD06D}.Debug|ARM.Build.0 = Debug|Any CPU
		{D8F930F1-F257-418B-8B67-173A649CD06D}.Debug|x64.ActiveCfg = Debug|Any CPU
		{D8F930F1-F257-418B-8B67-173A649CD06D}.Debug|x64.Build.0 = Debug|Any CPU
		{D8F930F1-F257-418B-8B67-173A649CD06D}.Debug|x86.ActiveCfg = Debug|Any CPU
		{D8F930F1-F257-418B-8B67-173A649CD06D}.Debug|x86.Build.0 = Debug|Any CPU
		{D8F930F1-F257-418B-8B67-173A649CD06D}.Release|Any CPU.ActiveCfg = Release|Any CPU
		{D8F930F1-F257-418B-8B67-173A649CD06D}.Release|Any CPU.Build.0 = Release|Any CPU
		{D8F930F1-F257-418B-8B67-173A649CD06D}.Release|ARM.ActiveCfg = Release|Any CPU
		{D8F930F1-F257-418B-8B67-173A649CD06D}.Release|ARM.Build.0 = Release|Any CPU
		{D8F930F1-F257-418B-8B67-173A649CD06D}.Release|x64.ActiveCfg = Release|Any CPU
		{D8F930F1-F257-418B-8B67-173A649CD06D}.Release|x64.Build.0 = Release|Any CPU
		{D8F930F1-F257-418B-8B67-173A649CD06D}.Release|x86.ActiveCfg = Release|Any CPU
		{D8F930F1-F257-418B-8B67-173A649CD06D}.Release|x86.Build.0 = Release|Any CPU
		{B64B4A95-A3D5-499D-81C1-B3D024AC21BC}.Debug|Any CPU.ActiveCfg = Debug|x86
		{B64B4A95-A3D5-499D-81C1-B3D024AC21BC}.Debug|Any CPU.Build.0 = Debug|x86
		{B64B4A95-A3D5-499D-81C1-B3D024AC21BC}.Debug|Any CPU.Deploy.0 = Debug|x86
		{B64B4A95-A3D5-499D-81C1-B3D024AC21BC}.Debug|ARM.ActiveCfg = Debug|ARM
		{B64B4A95-A3D5-499D-81C1-B3D024AC21BC}.Debug|ARM.Build.0 = Debug|ARM
		{B64B4A95-A3D5-499D-81C1-B3D024AC21BC}.Debug|ARM.Deploy.0 = Debug|ARM
		{B64B4A95-A3D5-499D-81C1-B3D024AC21BC}.Debug|x64.ActiveCfg = Debug|x64
		{B64B4A95-A3D5-499D-81C1-B3D024AC21BC}.Debug|x64.Build.0 = Debug|x64
		{B64B4A95-A3D5-499D-81C1-B3D024AC21BC}.Debug|x64.Deploy.0 = Debug|x64
		{B64B4A95-A3D5-499D-81C1-B3D024AC21BC}.Debug|x86.ActiveCfg = Debug|x86
		{B64B4A95-A3D5-499D-81C1-B3D024AC21BC}.Debug|x86.Build.0 = Debug|x86
		{B64B4A95-A3D5-499D-81C1-B3D024AC21BC}.Debug|x86.Deploy.0 = Debug|x86
		{B64B4A95-A3D5-499D-81C1-B3D024AC21BC}.Release|Any CPU.ActiveCfg = Release|x86
		{B64B4A95-A3D5-499D-81C1-B3D024AC21BC}.Release|ARM.ActiveCfg = Release|ARM
		{B64B4A95-A3D5-499D-81C1-B3D024AC21BC}.Release|ARM.Build.0 = Release|ARM
		{B64B4A95-A3D5-499D-81C1-B3D024AC21BC}.Release|ARM.Deploy.0 = Release|ARM
		{B64B4A95-A3D5-499D-81C1-B3D024AC21BC}.Release|x64.ActiveCfg = Release|x64
		{B64B4A95-A3D5-499D-81C1-B3D024AC21BC}.Release|x64.Build.0 = Release|x64
		{B64B4A95-A3D5-499D-81C1-B3D024AC21BC}.Release|x64.Deploy.0 = Release|x64
		{B64B4A95-A3D5-499D-81C1-B3D024AC21BC}.Release|x86.ActiveCfg = Release|x86
		{B64B4A95-A3D5-499D-81C1-B3D024AC21BC}.Release|x86.Build.0 = Release|x86
		{B64B4A95-A3D5-499D-81C1-B3D024AC21BC}.Release|x86.Deploy.0 = Release|x86
		{80085F5A-1B80-4F06-827C-C86049DF7C3F}.Debug|Any CPU.ActiveCfg = Debug|Any CPU
		{80085F5A-1B80-4F06-827C-C86049DF7C3F}.Debug|Any CPU.Build.0 = Debug|Any CPU
		{80085F5A-1B80-4F06-827C-C86049DF7C3F}.Debug|ARM.ActiveCfg = Debug|Any CPU
		{80085F5A-1B80-4F06-827C-C86049DF7C3F}.Debug|ARM.Build.0 = Debug|Any CPU
		{80085F5A-1B80-4F06-827C-C86049DF7C3F}.Debug|x64.ActiveCfg = Debug|Any CPU
		{80085F5A-1B80-4F06-827C-C86049DF7C3F}.Debug|x64.Build.0 = Debug|Any CPU
		{80085F5A-1B80-4F06-827C-C86049DF7C3F}.Debug|x86.ActiveCfg = Debug|Any CPU
		{80085F5A-1B80-4F06-827C-C86049DF7C3F}.Debug|x86.Build.0 = Debug|Any CPU
		{80085F5A-1B80-4F06-827C-C86049DF7C3F}.Release|Any CPU.ActiveCfg = Release|Any CPU
		{80085F5A-1B80-4F06-827C-C86049DF7C3F}.Release|Any CPU.Build.0 = Release|Any CPU
		{80085F5A-1B80-4F06-827C-C86049DF7C3F}.Release|ARM.ActiveCfg = Release|Any CPU
		{80085F5A-1B80-4F06-827C-C86049DF7C3F}.Release|ARM.Build.0 = Release|Any CPU
		{80085F5A-1B80-4F06-827C-C86049DF7C3F}.Release|x64.ActiveCfg = Release|Any CPU
		{80085F5A-1B80-4F06-827C-C86049DF7C3F}.Release|x64.Build.0 = Release|Any CPU
		{80085F5A-1B80-4F06-827C-C86049DF7C3F}.Release|x86.ActiveCfg = Release|Any CPU
		{80085F5A-1B80-4F06-827C-C86049DF7C3F}.Release|x86.Build.0 = Release|Any CPU
	EndGlobalSection
	GlobalSection(SolutionProperties) = preSolution
		HideSolutionNode = FALSE
	EndGlobalSection
	GlobalSection(ExtensibilityGlobals) = postSolution
		SolutionGuid = {7D52AE1D-D32B-4D0E-8456-79D92113EEAD}
	EndGlobalSection
EndGlobal
